
Microsoft Visual Studio Solution File, Format Version 12.00
# Visual Studio Version 17
VisualStudioVersion = 17.9.34728.123
MinimumVisualStudioVersion = 10.0.40219.1
Project("{9A19103F-16F7-4668-BE54-9A1E7A4F7556}") = "TriggerBarDetector", "TriggerBarDetector.csproj", "{3D522F71-BCFA-4195-A754-08C89CC80F10}"
EndProject
Project("{9A19103F-16F7-4668-BE54-9A1E7A4F7556}") = "PinCandleDetector", "..\PinCandleDetector\PinCandleDetector.csproj", "{E5D60002-63EC-457C-B1F9-08D6F850A53E}"
EndProject
Global
	GlobalSection(SolutionConfigurationPlatforms) = preSolution
		Debug|Any CPU = Debug|Any CPU
		Release|Any CPU = Release|Any CPU
	EndGlobalSection
	GlobalSection(ProjectConfigurationPlatforms) = postSolution
		{3D522F71-BCFA-4195-A754-08C89CC80F10}.Debug|Any CPU.ActiveCfg = Debug|Any CPU
		{3D522F71-BCFA-4195-A754-08C89CC80F10}.Debug|Any CPU.Build.0 = Debug|Any CPU
		{3D522F71-BCFA-4195-A754-08C89CC80F10}.Release|Any CPU.ActiveCfg = Release|Any CPU
		{3D522F71-BCFA-4195-A754-08C89CC80F10}.Release|Any CPU.Build.0 = Release|Any CPU
		{E5D60002-63EC-457C-B1F9-08D6F850A53E}.Debug|Any CPU.ActiveCfg = Debug|Any CPU
		{E5D60002-63EC-457C-B1F9-08D6F850A53E}.Debug|Any CPU.Build.0 = Debug|Any CPU
		{E5D60002-63EC-457C-B1F9-08D6F850A53E}.Release|Any CPU.ActiveCfg = Release|Any CPU
		{E5D60002-63EC-457C-B1F9-08D6F850A53E}.Release|Any CPU.Build.0 = Release|Any CPU
	EndGlobalSection
	GlobalSection(SolutionProperties) = preSolution
		HideSolutionNode = FALSE
	EndGlobalSection
	GlobalSection(ExtensibilityGlobals) = postSolution
		SolutionGuid = {B08944CD-87E7-4898-BD75-317D79915D8E}
	EndGlobalSection
EndGlobal
